// !$*UTF8*$!
{
	archiveVersion = 1;
	classes = {
	};
	objectVersion = 46;
	objects = {

/* Begin PBXBuildFile section */
		7FF5D1B0EBD741D49F9F07AF /* libPods.a in Frameworks */ = {isa = PBXBuildFile; fileRef = 1E5BDBEF74AE4F339F55A4A0 /* libPods.a */; };
		E3553F9017725CF800762627 /* Foundation.framework in Frameworks */ = {isa = PBXBuildFile; fileRef = E3553F8F17725CF800762627 /* Foundation.framework */; };
		E3553F9F17725CF800762627 /* SenTestingKit.framework in Frameworks */ = {isa = PBXBuildFile; fileRef = E3553F9E17725CF800762627 /* SenTestingKit.framework */; };
		E3553FA217725CF800762627 /* Foundation.framework in Frameworks */ = {isa = PBXBuildFile; fileRef = E3553F8F17725CF800762627 /* Foundation.framework */; };
		E3553FA517725CF800762627 /* libUAFToolkit.a in Frameworks */ = {isa = PBXBuildFile; fileRef = E3553F8C17725CF800762627 /* libUAFToolkit.a */; };
		E3553FC5177264AE00762627 /* UAFToolkitTests-Info.plist in Resources */ = {isa = PBXBuildFile; fileRef = E3553FC4177264AE00762627 /* UAFToolkitTests-Info.plist */; };
		E3553FC8177264C600762627 /* UAFToolkitTests.m in Sources */ = {isa = PBXBuildFile; fileRef = E3553FC7177264C600762627 /* UAFToolkitTests.m */; };
		E3553FCB1772659D00762627 /* InfoPlist.strings in Resources */ = {isa = PBXBuildFile; fileRef = E3553FC91772659D00762627 /* InfoPlist.strings */; };
		E3553FD21772668900762627 /* UAFDispatchUtilities.m in Sources */ = {isa = PBXBuildFile; fileRef = E3553FD11772668900762627 /* UAFDispatchUtilities.m */; };
		E3553FD6177268D700762627 /* UAFDebugUtilities.m in Sources */ = {isa = PBXBuildFile; fileRef = E3553FD5177268D700762627 /* UAFDebugUtilities.m */; };
		E3890B1F17743B6700292365 /* AVPlayerItem+UAFAdditions.m in Sources */ = {isa = PBXBuildFile; fileRef = E3890B1917743B6700292365 /* AVPlayerItem+UAFAdditions.m */; };
		E3890B2017743B6700292365 /* UAFUISoundController.m in Sources */ = {isa = PBXBuildFile; fileRef = E3890B1C17743B6700292365 /* UAFUISoundController.m */; };
		E3890B2117743B6700292365 /* UIView+UAFAdditions_SFX.m in Sources */ = {isa = PBXBuildFile; fileRef = E3890B1E17743B6700292365 /* UIView+UAFAdditions_SFX.m */; };
		E3890B2B177446D800292365 /* AudioToolbox.framework in Frameworks */ = {isa = PBXBuildFile; fileRef = E3890B2A177446D700292365 /* AudioToolbox.framework */; };
		E3890B3317744CD000292365 /* UAFVideoResourceManager.m in Sources */ = {isa = PBXBuildFile; fileRef = E3890B3217744CD000292365 /* UAFVideoResourceManager.m */; };
		E3890B361774527700292365 /* StoreKit.framework in Frameworks */ = {isa = PBXBuildFile; fileRef = E3890B351774527700292365 /* StoreKit.framework */; };
		E3890B381774530400292365 /* CoreData.framework in Frameworks */ = {isa = PBXBuildFile; fileRef = E3890B371774530400292365 /* CoreData.framework */; };
		E3890B3D177456BC00292365 /* QuartzCore.framework in Frameworks */ = {isa = PBXBuildFile; fileRef = E3890B3C177456BC00292365 /* QuartzCore.framework */; };
		E3890B3F17745B4300292365 /* libcommonCrypto.dylib in Frameworks */ = {isa = PBXBuildFile; fileRef = E3890B3E17745B4100292365 /* libcommonCrypto.dylib */; };
		E3890B4E1774628F00292365 /* UAFActivityIndicatorDotsView.m in Sources */ = {isa = PBXBuildFile; fileRef = E3890B451774628F00292365 /* UAFActivityIndicatorDotsView.m */; };
		E3890B4F1774628F00292365 /* UAFToastView.m in Sources */ = {isa = PBXBuildFile; fileRef = E3890B481774628F00292365 /* UAFToastView.m */; };
		E3890B53177462D500292365 /* UIView+UAFAdditions_Effects.m in Sources */ = {isa = PBXBuildFile; fileRef = E3890B52177462D500292365 /* UIView+UAFAdditions_Effects.m */; };
		E3890B57177468C800292365 /* UAFTextField.m in Sources */ = {isa = PBXBuildFile; fileRef = E3890B56177468C800292365 /* UAFTextField.m */; };
		E3890B5B177472F100292365 /* UICollectionViewFlowLayout+UAFAdditions_RegularLayout.m in Sources */ = {isa = PBXBuildFile; fileRef = E3890B5A177472EE00292365 /* UICollectionViewFlowLayout+UAFAdditions_RegularLayout.m */; };
		E3EFAA1917726D4A00C8B397 /* UAFDrawingUtilities.m in Sources */ = {isa = PBXBuildFile; fileRef = E3EFAA1817726D4A00C8B397 /* UAFDrawingUtilities.m */; };
		E3EFAA2C177270FD00C8B397 /* NSArray+UAFAdditions.m in Sources */ = {isa = PBXBuildFile; fileRef = E3EFAA1D177270FD00C8B397 /* NSArray+UAFAdditions.m */; };
		E3EFAA2D177270FD00C8B397 /* NSBundle+UAFAdditions.m in Sources */ = {isa = PBXBuildFile; fileRef = E3EFAA1F177270FD00C8B397 /* NSBundle+UAFAdditions.m */; };
		E3EFAA2E177270FD00C8B397 /* NSData+UAFAdditions.m in Sources */ = {isa = PBXBuildFile; fileRef = E3EFAA21177270FD00C8B397 /* NSData+UAFAdditions.m */; };
		E3EFAA2F177270FD00C8B397 /* NSDate+UAFAdditions.m in Sources */ = {isa = PBXBuildFile; fileRef = E3EFAA23177270FD00C8B397 /* NSDate+UAFAdditions.m */; };
		E3EFAA30177270FD00C8B397 /* NSDictionary+UAFAdditions.m in Sources */ = {isa = PBXBuildFile; fileRef = E3EFAA25177270FD00C8B397 /* NSDictionary+UAFAdditions.m */; };
		E3EFAA31177270FD00C8B397 /* NSObject+UAFAdditions.m in Sources */ = {isa = PBXBuildFile; fileRef = E3EFAA27177270FD00C8B397 /* NSObject+UAFAdditions.m */; };
		E3EFAA32177270FD00C8B397 /* NSString+UAFAdditions.m in Sources */ = {isa = PBXBuildFile; fileRef = E3EFAA29177270FD00C8B397 /* NSString+UAFAdditions.m */; };
		E3EFAA33177270FD00C8B397 /* NSURL+UAFAdditions.m in Sources */ = {isa = PBXBuildFile; fileRef = E3EFAA2B177270FD00C8B397 /* NSURL+UAFAdditions.m */; };
		E3EFAA491772754B00C8B397 /* UIApplication+UAFAdditions.m in Sources */ = {isa = PBXBuildFile; fileRef = E3EFAA371772754B00C8B397 /* UIApplication+UAFAdditions.m */; };
		E3EFAA4A1772754B00C8B397 /* UIColor+UAFAdditions.m in Sources */ = {isa = PBXBuildFile; fileRef = E3EFAA391772754B00C8B397 /* UIColor+UAFAdditions.m */; };
		E3EFAA4B1772754B00C8B397 /* UIControl+UAFAdditions.m in Sources */ = {isa = PBXBuildFile; fileRef = E3EFAA3B1772754B00C8B397 /* UIControl+UAFAdditions.m */; };
		E3EFAA4C1772754B00C8B397 /* UIImage+UAFAdditions.m in Sources */ = {isa = PBXBuildFile; fileRef = E3EFAA3D1772754B00C8B397 /* UIImage+UAFAdditions.m */; };
		E3EFAA4D1772754B00C8B397 /* UIPanGestureRecognizer+UAFAdditions.m in Sources */ = {isa = PBXBuildFile; fileRef = E3EFAA401772754B00C8B397 /* UIPanGestureRecognizer+UAFAdditions.m */; };
		E3EFAA4E1772754B00C8B397 /* UIScreen+UAFAdditions.m in Sources */ = {isa = PBXBuildFile; fileRef = E3EFAA421772754B00C8B397 /* UIScreen+UAFAdditions.m */; };
		E3EFAA4F1772754B00C8B397 /* UIScrollView+UAFAdditions.m in Sources */ = {isa = PBXBuildFile; fileRef = E3EFAA441772754B00C8B397 /* UIScrollView+UAFAdditions.m */; };
		E3EFAA501772754B00C8B397 /* UIView+UAFAdditions.m in Sources */ = {isa = PBXBuildFile; fileRef = E3EFAA461772754B00C8B397 /* UIView+UAFAdditions.m */; };
		E3EFAA511772754B00C8B397 /* UIViewController+UAFAdditions.m in Sources */ = {isa = PBXBuildFile; fileRef = E3EFAA481772754B00C8B397 /* UIViewController+UAFAdditions.m */; };
		E3EFAA5817728B0800C8B397 /* AVFoundation.framework in Frameworks */ = {isa = PBXBuildFile; fileRef = E3EFAA5717728B0700C8B397 /* AVFoundation.framework */; };
		E3EFAA5A17728B2300C8B397 /* UIKit.framework in Frameworks */ = {isa = PBXBuildFile; fileRef = E3EFAA5917728B2200C8B397 /* UIKit.framework */; };
		E3EFAA5C1772917900C8B397 /* CoreMedia.framework in Frameworks */ = {isa = PBXBuildFile; fileRef = E3EFAA5B1772917900C8B397 /* CoreMedia.framework */; };
		E3EFAA631772E0F300C8B397 /* UAFNavigationController.m in Sources */ = {isa = PBXBuildFile; fileRef = E3EFAA621772E0F300C8B397 /* UAFNavigationController.m */; };
		E3EFAA6A1772E80A00C8B397 /* UAFViewController.m in Sources */ = {isa = PBXBuildFile; fileRef = E3EFAA691772E80A00C8B397 /* UAFViewController.m */; };
		E3EFAA6E1772EA0D00C8B397 /* UAFView.m in Sources */ = {isa = PBXBuildFile; fileRef = E3EFAA6D1772EA0D00C8B397 /* UAFView.m */; };
		E3EFAA721772EDA000C8B397 /* UAFScrollView.m in Sources */ = {isa = PBXBuildFile; fileRef = E3EFAA711772EDA000C8B397 /* UAFScrollView.m */; };
		E3EFAA7B1772F08D00C8B397 /* UAFCollectionReusableView.m in Sources */ = {isa = PBXBuildFile; fileRef = E3EFAA741772F08900C8B397 /* UAFCollectionReusableView.m */; };
		E3EFAA7C1772F08D00C8B397 /* UAFCollectionViewCell.m in Sources */ = {isa = PBXBuildFile; fileRef = E3EFAA761772F08A00C8B397 /* UAFCollectionViewCell.m */; };
		E3EFAA7D1772F08D00C8B397 /* UAFCollectionViewController.m in Sources */ = {isa = PBXBuildFile; fileRef = E3EFAA781772F08B00C8B397 /* UAFCollectionViewController.m */; };
		E3EFAA7E1772F08D00C8B397 /* UAFControl.m in Sources */ = {isa = PBXBuildFile; fileRef = E3EFAA7A1772F08D00C8B397 /* UAFControl.m */; };
		E3EFAA831772F70900C8B397 /* UIScrollView+UAFAdditions_KeyboardResizing.m in Sources */ = {isa = PBXBuildFile; fileRef = E3EFAA821772F70900C8B397 /* UIScrollView+UAFAdditions_KeyboardResizing.m */; };
		E3EFAA861772F73200C8B397 /* UIViewController+UAFAdditions_KeyboardResizing.m in Sources */ = {isa = PBXBuildFile; fileRef = E3EFAA851772F73200C8B397 /* UIViewController+UAFAdditions_KeyboardResizing.m */; };
		E3EFAA8D1772FCCA00C8B397 /* UIViewController+UAFAdditions_Navigation.m in Sources */ = {isa = PBXBuildFile; fileRef = E3EFAA8C1772FCCA00C8B397 /* UIViewController+UAFAdditions_Navigation.m */; };
/* End PBXBuildFile section */

/* Begin PBXContainerItemProxy section */
		E3553FA317725CF800762627 /* PBXContainerItemProxy */ = {
			isa = PBXContainerItemProxy;
			containerPortal = E3553F8417725CF800762627 /* Project object */;
			proxyType = 1;
			remoteGlobalIDString = E3553F8B17725CF800762627;
			remoteInfo = UAFToolkit;
		};
/* End PBXContainerItemProxy section */

/* Begin PBXCopyFilesBuildPhase section */
		E3553F8A17725CF800762627 /* CopyFiles */ = {
			isa = PBXCopyFilesBuildPhase;
			buildActionMask = 2147483647;
			dstPath = "include/${PRODUCT_NAME}";
			dstSubfolderSpec = 16;
			files = (
			);
			runOnlyForDeploymentPostprocessing = 0;
		};
/* End PBXCopyFilesBuildPhase section */

/* Begin PBXFileReference section */
		1E5BDBEF74AE4F339F55A4A0 /* libPods.a */ = {isa = PBXFileReference; explicitFileType = archive.ar; includeInIndex = 0; path = libPods.a; sourceTree = BUILT_PRODUCTS_DIR; };
		D8C1EE9F76EC4AAF8A391A0A /* Pods.xcconfig */ = {isa = PBXFileReference; includeInIndex = 1; lastKnownFileType = text.xcconfig; name = Pods.xcconfig; path = Pods/Pods.xcconfig; sourceTree = SOURCE_ROOT; };
		E3370F2F177473B2008A8773 /* UIKit_Layouts.h */ = {isa = PBXFileReference; fileEncoding = 4; lastKnownFileType = sourcecode.c.h; path = UIKit_Layouts.h; sourceTree = "<group>"; };
		E3370F30177473DC008A8773 /* UAFCollectionViewLayoutAttributes.h */ = {isa = PBXFileReference; fileEncoding = 4; lastKnownFileType = sourcecode.c.h; path = UAFCollectionViewLayoutAttributes.h; sourceTree = "<group>"; };
		E3553F8C17725CF800762627 /* libUAFToolkit.a */ = {isa = PBXFileReference; explicitFileType = archive.ar; includeInIndex = 0; path = libUAFToolkit.a; sourceTree = BUILT_PRODUCTS_DIR; };
		E3553F8F17725CF800762627 /* Foundation.framework */ = {isa = PBXFileReference; lastKnownFileType = wrapper.framework; name = Foundation.framework; path = System/Library/Frameworks/Foundation.framework; sourceTree = SDKROOT; };
		E3553F9D17725CF800762627 /* UAFToolkitTests.octest */ = {isa = PBXFileReference; explicitFileType = wrapper.cfbundle; includeInIndex = 0; path = UAFToolkitTests.octest; sourceTree = BUILT_PRODUCTS_DIR; };
		E3553F9E17725CF800762627 /* SenTestingKit.framework */ = {isa = PBXFileReference; lastKnownFileType = wrapper.framework; name = SenTestingKit.framework; path = Library/Frameworks/SenTestingKit.framework; sourceTree = DEVELOPER_DIR; };
		E3553FC01772644100762627 /* UAFToolkit.h */ = {isa = PBXFileReference; fileEncoding = 4; lastKnownFileType = sourcecode.c.h; name = UAFToolkit.h; path = Code/UAFToolkit.h; sourceTree = SOURCE_ROOT; };
		E3553FC4177264AE00762627 /* UAFToolkitTests-Info.plist */ = {isa = PBXFileReference; fileEncoding = 4; lastKnownFileType = text.plist.xml; name = "UAFToolkitTests-Info.plist"; path = "Tests/UAFToolkitTests-Info.plist"; sourceTree = SOURCE_ROOT; };
		E3553FC6177264C600762627 /* UAFToolkitTests.h */ = {isa = PBXFileReference; fileEncoding = 4; lastKnownFileType = sourcecode.c.h; name = UAFToolkitTests.h; path = Tests/UAFToolkitTests.h; sourceTree = SOURCE_ROOT; };
		E3553FC7177264C600762627 /* UAFToolkitTests.m */ = {isa = PBXFileReference; fileEncoding = 4; lastKnownFileType = sourcecode.c.objc; name = UAFToolkitTests.m; path = Tests/UAFToolkitTests.m; sourceTree = SOURCE_ROOT; };
		E3553FCA1772659D00762627 /* en */ = {isa = PBXFileReference; lastKnownFileType = text.plist.strings; name = en; path = Tests/en.lproj/InfoPlist.strings; sourceTree = SOURCE_ROOT; };
		E3553FCF1772666F00762627 /* Utility.h */ = {isa = PBXFileReference; fileEncoding = 4; lastKnownFileType = sourcecode.c.h; name = Utility.h; path = Code/Utility/Utility.h; sourceTree = SOURCE_ROOT; };
		E3553FD01772668900762627 /* UAFDispatchUtilities.h */ = {isa = PBXFileReference; fileEncoding = 4; lastKnownFileType = sourcecode.c.h; name = UAFDispatchUtilities.h; path = Code/Utility/UAFDispatchUtilities.h; sourceTree = SOURCE_ROOT; };
		E3553FD11772668900762627 /* UAFDispatchUtilities.m */ = {isa = PBXFileReference; fileEncoding = 4; lastKnownFileType = sourcecode.c.objc; name = UAFDispatchUtilities.m; path = Code/Utility/UAFDispatchUtilities.m; sourceTree = SOURCE_ROOT; };
		E3553FD3177267E800762627 /* UAFToolkit-Prefix.pch */ = {isa = PBXFileReference; fileEncoding = 4; lastKnownFileType = sourcecode.c.h; name = "UAFToolkit-Prefix.pch"; path = "Resources/UAFToolkit-Prefix.pch"; sourceTree = SOURCE_ROOT; };
		E3553FD4177268D700762627 /* UAFDebugUtilities.h */ = {isa = PBXFileReference; fileEncoding = 4; lastKnownFileType = sourcecode.c.h; name = UAFDebugUtilities.h; path = Code/Utility/UAFDebugUtilities.h; sourceTree = SOURCE_ROOT; };
		E3553FD5177268D700762627 /* UAFDebugUtilities.m */ = {isa = PBXFileReference; fileEncoding = 4; lastKnownFileType = sourcecode.c.objc; name = UAFDebugUtilities.m; path = Code/Utility/UAFDebugUtilities.m; sourceTree = SOURCE_ROOT; };
		E3890B0E17741B5700292365 /* UIKit_Gestures.h */ = {isa = PBXFileReference; fileEncoding = 4; lastKnownFileType = sourcecode.c.h; path = UIKit_Gestures.h; sourceTree = "<group>"; };
		E3890B1817743B6700292365 /* AVPlayerItem+UAFAdditions.h */ = {isa = PBXFileReference; fileEncoding = 4; lastKnownFileType = sourcecode.c.h; path = "AVPlayerItem+UAFAdditions.h"; sourceTree = "<group>"; };
		E3890B1917743B6700292365 /* AVPlayerItem+UAFAdditions.m */ = {isa = PBXFileReference; fileEncoding = 4; lastKnownFileType = sourcecode.c.objc; path = "AVPlayerItem+UAFAdditions.m"; sourceTree = "<group>"; };
		E3890B1A17743B6700292365 /* SFX.h */ = {isa = PBXFileReference; fileEncoding = 4; lastKnownFileType = sourcecode.c.h; path = SFX.h; sourceTree = "<group>"; };
		E3890B1B17743B6700292365 /* UAFUISoundController.h */ = {isa = PBXFileReference; fileEncoding = 4; lastKnownFileType = sourcecode.c.h; path = UAFUISoundController.h; sourceTree = "<group>"; };
		E3890B1C17743B6700292365 /* UAFUISoundController.m */ = {isa = PBXFileReference; fileEncoding = 4; lastKnownFileType = sourcecode.c.objc; path = UAFUISoundController.m; sourceTree = "<group>"; };
		E3890B1D17743B6700292365 /* UIView+UAFAdditions_SFX.h */ = {isa = PBXFileReference; fileEncoding = 4; lastKnownFileType = sourcecode.c.h; path = "UIView+UAFAdditions_SFX.h"; sourceTree = "<group>"; };
		E3890B1E17743B6700292365 /* UIView+UAFAdditions_SFX.m */ = {isa = PBXFileReference; fileEncoding = 4; lastKnownFileType = sourcecode.c.objc; path = "UIView+UAFAdditions_SFX.m"; sourceTree = "<group>"; };
		E3890B25177444CC00292365 /* StoreKit.h */ = {isa = PBXFileReference; fileEncoding = 4; lastKnownFileType = sourcecode.c.h; path = StoreKit.h; sourceTree = "<group>"; };
		E3890B27177444CD00292365 /* Storage.h */ = {isa = PBXFileReference; fileEncoding = 4; lastKnownFileType = sourcecode.c.h; path = Storage.h; sourceTree = "<group>"; };
		E3890B2A177446D700292365 /* AudioToolbox.framework */ = {isa = PBXFileReference; lastKnownFileType = wrapper.framework; name = AudioToolbox.framework; path = System/Library/Frameworks/AudioToolbox.framework; sourceTree = SDKROOT; };
		E3890B2C1774471D00292365 /* UAFLocalStorage.h */ = {isa = PBXFileReference; fileEncoding = 4; lastKnownFileType = sourcecode.c.h; path = UAFLocalStorage.h; sourceTree = "<group>"; };
		E3890B3117744CD000292365 /* UAFVideoResourceManager.h */ = {isa = PBXFileReference; fileEncoding = 4; lastKnownFileType = sourcecode.c.h; path = UAFVideoResourceManager.h; sourceTree = "<group>"; };
		E3890B3217744CD000292365 /* UAFVideoResourceManager.m */ = {isa = PBXFileReference; fileEncoding = 4; lastKnownFileType = sourcecode.c.objc; path = UAFVideoResourceManager.m; sourceTree = "<group>"; };
		E3890B341774523A00292365 /* UAFPurchaseableDataObject.h */ = {isa = PBXFileReference; lastKnownFileType = sourcecode.c.h; path = UAFPurchaseableDataObject.h; sourceTree = "<group>"; };
		E3890B351774527700292365 /* StoreKit.framework */ = {isa = PBXFileReference; lastKnownFileType = wrapper.framework; name = StoreKit.framework; path = System/Library/Frameworks/StoreKit.framework; sourceTree = SDKROOT; };
		E3890B371774530400292365 /* CoreData.framework */ = {isa = PBXFileReference; lastKnownFileType = wrapper.framework; name = CoreData.framework; path = System/Library/Frameworks/CoreData.framework; sourceTree = SDKROOT; };
		E3890B3C177456BC00292365 /* QuartzCore.framework */ = {isa = PBXFileReference; lastKnownFileType = wrapper.framework; name = QuartzCore.framework; path = System/Library/Frameworks/QuartzCore.framework; sourceTree = SDKROOT; };
		E3890B3E17745B4100292365 /* libcommonCrypto.dylib */ = {isa = PBXFileReference; lastKnownFileType = "compiled.mach-o.dylib"; name = libcommonCrypto.dylib; path = usr/lib/system/libcommonCrypto.dylib; sourceTree = SDKROOT; };
		E3890B441774628F00292365 /* UAFActivityIndicatorDotsView.h */ = {isa = PBXFileReference; fileEncoding = 4; lastKnownFileType = sourcecode.c.h; path = UAFActivityIndicatorDotsView.h; sourceTree = "<group>"; };
		E3890B451774628F00292365 /* UAFActivityIndicatorDotsView.m */ = {isa = PBXFileReference; fileEncoding = 4; lastKnownFileType = sourcecode.c.objc; path = UAFActivityIndicatorDotsView.m; sourceTree = "<group>"; };
		E3890B461774628F00292365 /* UAFInertialViewController.h */ = {isa = PBXFileReference; fileEncoding = 4; lastKnownFileType = sourcecode.c.h; path = UAFInertialViewController.h; sourceTree = "<group>"; };
		E3890B471774628F00292365 /* UAFToastView.h */ = {isa = PBXFileReference; fileEncoding = 4; lastKnownFileType = sourcecode.c.h; path = UAFToastView.h; sourceTree = "<group>"; };
		E3890B481774628F00292365 /* UAFToastView.m */ = {isa = PBXFileReference; fileEncoding = 4; lastKnownFileType = sourcecode.c.objc; path = UAFToastView.m; sourceTree = "<group>"; };
		E3890B491774628F00292365 /* UAFViewDynamics.h */ = {isa = PBXFileReference; fileEncoding = 4; lastKnownFileType = sourcecode.c.h; path = UAFViewDynamics.h; sourceTree = "<group>"; };
		E3890B4A1774628F00292365 /* UAFViewOptions.h */ = {isa = PBXFileReference; fileEncoding = 4; lastKnownFileType = sourcecode.c.h; path = UAFViewOptions.h; sourceTree = "<group>"; };
		E3890B4B1774628F00292365 /* UI.h */ = {isa = PBXFileReference; fileEncoding = 4; lastKnownFileType = sourcecode.c.h; path = UI.h; sourceTree = "<group>"; };
		E3890B4C1774628F00292365 /* UI_Components.h */ = {isa = PBXFileReference; fileEncoding = 4; lastKnownFileType = sourcecode.c.h; path = UI_Components.h; sourceTree = "<group>"; };
		E3890B4D1774628F00292365 /* UI_Effects.h */ = {isa = PBXFileReference; fileEncoding = 4; lastKnownFileType = sourcecode.c.h; path = UI_Effects.h; sourceTree = "<group>"; };
		E3890B51177462D400292365 /* UIView+UAFAdditions_Effects.h */ = {isa = PBXFileReference; fileEncoding = 4; lastKnownFileType = sourcecode.c.h; path = "UIView+UAFAdditions_Effects.h"; sourceTree = "<group>"; };
		E3890B52177462D500292365 /* UIView+UAFAdditions_Effects.m */ = {isa = PBXFileReference; fileEncoding = 4; lastKnownFileType = sourcecode.c.objc; path = "UIView+UAFAdditions_Effects.m"; sourceTree = "<group>"; };
		E3890B55177468C800292365 /* UAFTextField.h */ = {isa = PBXFileReference; fileEncoding = 4; lastKnownFileType = sourcecode.c.h; path = UAFTextField.h; sourceTree = "<group>"; };
		E3890B56177468C800292365 /* UAFTextField.m */ = {isa = PBXFileReference; fileEncoding = 4; lastKnownFileType = sourcecode.c.objc; path = UAFTextField.m; sourceTree = "<group>"; };
		E3890B59177472ED00292365 /* UICollectionViewFlowLayout+UAFAdditions_RegularLayout.h */ = {isa = PBXFileReference; fileEncoding = 4; lastKnownFileType = sourcecode.c.h; path = "UICollectionViewFlowLayout+UAFAdditions_RegularLayout.h"; sourceTree = "<group>"; };
		E3890B5A177472EE00292365 /* UICollectionViewFlowLayout+UAFAdditions_RegularLayout.m */ = {isa = PBXFileReference; fileEncoding = 4; lastKnownFileType = sourcecode.c.objc; path = "UICollectionViewFlowLayout+UAFAdditions_RegularLayout.m"; sourceTree = "<group>"; };
		E3EFAA1717726D4A00C8B397 /* UAFDrawingUtilities.h */ = {isa = PBXFileReference; fileEncoding = 4; lastKnownFileType = sourcecode.c.h; name = UAFDrawingUtilities.h; path = Code/Utility/UAFDrawingUtilities.h; sourceTree = SOURCE_ROOT; };
		E3EFAA1817726D4A00C8B397 /* UAFDrawingUtilities.m */ = {isa = PBXFileReference; fileEncoding = 4; lastKnownFileType = sourcecode.c.objc; name = UAFDrawingUtilities.m; path = Code/Utility/UAFDrawingUtilities.m; sourceTree = SOURCE_ROOT; };
		E3EFAA1C177270FD00C8B397 /* NSArray+UAFAdditions.h */ = {isa = PBXFileReference; fileEncoding = 4; lastKnownFileType = sourcecode.c.h; path = "NSArray+UAFAdditions.h"; sourceTree = "<group>"; };
		E3EFAA1D177270FD00C8B397 /* NSArray+UAFAdditions.m */ = {isa = PBXFileReference; fileEncoding = 4; lastKnownFileType = sourcecode.c.objc; path = "NSArray+UAFAdditions.m"; sourceTree = "<group>"; };
		E3EFAA1E177270FD00C8B397 /* NSBundle+UAFAdditions.h */ = {isa = PBXFileReference; fileEncoding = 4; lastKnownFileType = sourcecode.c.h; path = "NSBundle+UAFAdditions.h"; sourceTree = "<group>"; };
		E3EFAA1F177270FD00C8B397 /* NSBundle+UAFAdditions.m */ = {isa = PBXFileReference; fileEncoding = 4; lastKnownFileType = sourcecode.c.objc; path = "NSBundle+UAFAdditions.m"; sourceTree = "<group>"; };
		E3EFAA20177270FD00C8B397 /* NSData+UAFAdditions.h */ = {isa = PBXFileReference; fileEncoding = 4; lastKnownFileType = sourcecode.c.h; path = "NSData+UAFAdditions.h"; sourceTree = "<group>"; };
		E3EFAA21177270FD00C8B397 /* NSData+UAFAdditions.m */ = {isa = PBXFileReference; fileEncoding = 4; lastKnownFileType = sourcecode.c.objc; path = "NSData+UAFAdditions.m"; sourceTree = "<group>"; };
		E3EFAA22177270FD00C8B397 /* NSDate+UAFAdditions.h */ = {isa = PBXFileReference; fileEncoding = 4; lastKnownFileType = sourcecode.c.h; path = "NSDate+UAFAdditions.h"; sourceTree = "<group>"; };
		E3EFAA23177270FD00C8B397 /* NSDate+UAFAdditions.m */ = {isa = PBXFileReference; fileEncoding = 4; lastKnownFileType = sourcecode.c.objc; path = "NSDate+UAFAdditions.m"; sourceTree = "<group>"; };
		E3EFAA24177270FD00C8B397 /* NSDictionary+UAFAdditions.h */ = {isa = PBXFileReference; fileEncoding = 4; lastKnownFileType = sourcecode.c.h; path = "NSDictionary+UAFAdditions.h"; sourceTree = "<group>"; };
		E3EFAA25177270FD00C8B397 /* NSDictionary+UAFAdditions.m */ = {isa = PBXFileReference; fileEncoding = 4; lastKnownFileType = sourcecode.c.objc; path = "NSDictionary+UAFAdditions.m"; sourceTree = "<group>"; };
		E3EFAA26177270FD00C8B397 /* NSObject+UAFAdditions.h */ = {isa = PBXFileReference; fileEncoding = 4; lastKnownFileType = sourcecode.c.h; path = "NSObject+UAFAdditions.h"; sourceTree = "<group>"; };
		E3EFAA27177270FD00C8B397 /* NSObject+UAFAdditions.m */ = {isa = PBXFileReference; fileEncoding = 4; lastKnownFileType = sourcecode.c.objc; path = "NSObject+UAFAdditions.m"; sourceTree = "<group>"; };
		E3EFAA28177270FD00C8B397 /* NSString+UAFAdditions.h */ = {isa = PBXFileReference; fileEncoding = 4; lastKnownFileType = sourcecode.c.h; path = "NSString+UAFAdditions.h"; sourceTree = "<group>"; };
		E3EFAA29177270FD00C8B397 /* NSString+UAFAdditions.m */ = {isa = PBXFileReference; fileEncoding = 4; lastKnownFileType = sourcecode.c.objc; path = "NSString+UAFAdditions.m"; sourceTree = "<group>"; };
		E3EFAA2A177270FD00C8B397 /* NSURL+UAFAdditions.h */ = {isa = PBXFileReference; fileEncoding = 4; lastKnownFileType = sourcecode.c.h; path = "NSURL+UAFAdditions.h"; sourceTree = "<group>"; };
		E3EFAA2B177270FD00C8B397 /* NSURL+UAFAdditions.m */ = {isa = PBXFileReference; fileEncoding = 4; lastKnownFileType = sourcecode.c.objc; path = "NSURL+UAFAdditions.m"; sourceTree = "<group>"; };
		E3EFAA341772723800C8B397 /* Foundation.h */ = {isa = PBXFileReference; fileEncoding = 4; lastKnownFileType = sourcecode.c.h; path = Foundation.h; sourceTree = "<group>"; };
		E3EFAA361772754B00C8B397 /* UIApplication+UAFAdditions.h */ = {isa = PBXFileReference; fileEncoding = 4; lastKnownFileType = sourcecode.c.h; path = "UIApplication+UAFAdditions.h"; sourceTree = "<group>"; };
		E3EFAA371772754B00C8B397 /* UIApplication+UAFAdditions.m */ = {isa = PBXFileReference; fileEncoding = 4; lastKnownFileType = sourcecode.c.objc; path = "UIApplication+UAFAdditions.m"; sourceTree = "<group>"; };
		E3EFAA381772754B00C8B397 /* UIColor+UAFAdditions.h */ = {isa = PBXFileReference; fileEncoding = 4; lastKnownFileType = sourcecode.c.h; path = "UIColor+UAFAdditions.h"; sourceTree = "<group>"; };
		E3EFAA391772754B00C8B397 /* UIColor+UAFAdditions.m */ = {isa = PBXFileReference; fileEncoding = 4; lastKnownFileType = sourcecode.c.objc; path = "UIColor+UAFAdditions.m"; sourceTree = "<group>"; };
		E3EFAA3A1772754B00C8B397 /* UIControl+UAFAdditions.h */ = {isa = PBXFileReference; fileEncoding = 4; lastKnownFileType = sourcecode.c.h; path = "UIControl+UAFAdditions.h"; sourceTree = "<group>"; };
		E3EFAA3B1772754B00C8B397 /* UIControl+UAFAdditions.m */ = {isa = PBXFileReference; fileEncoding = 4; lastKnownFileType = sourcecode.c.objc; path = "UIControl+UAFAdditions.m"; sourceTree = "<group>"; };
		E3EFAA3C1772754B00C8B397 /* UIImage+UAFAdditions.h */ = {isa = PBXFileReference; fileEncoding = 4; lastKnownFileType = sourcecode.c.h; path = "UIImage+UAFAdditions.h"; sourceTree = "<group>"; };
		E3EFAA3D1772754B00C8B397 /* UIImage+UAFAdditions.m */ = {isa = PBXFileReference; fileEncoding = 4; lastKnownFileType = sourcecode.c.objc; path = "UIImage+UAFAdditions.m"; sourceTree = "<group>"; };
		E3EFAA3E1772754B00C8B397 /* UIKit.h */ = {isa = PBXFileReference; fileEncoding = 4; lastKnownFileType = sourcecode.c.h; path = UIKit.h; sourceTree = "<group>"; };
		E3EFAA3F1772754B00C8B397 /* UIPanGestureRecognizer+UAFAdditions.h */ = {isa = PBXFileReference; fileEncoding = 4; lastKnownFileType = sourcecode.c.h; path = "UIPanGestureRecognizer+UAFAdditions.h"; sourceTree = "<group>"; };
		E3EFAA401772754B00C8B397 /* UIPanGestureRecognizer+UAFAdditions.m */ = {isa = PBXFileReference; fileEncoding = 4; lastKnownFileType = sourcecode.c.objc; path = "UIPanGestureRecognizer+UAFAdditions.m"; sourceTree = "<group>"; };
		E3EFAA411772754B00C8B397 /* UIScreen+UAFAdditions.h */ = {isa = PBXFileReference; fileEncoding = 4; lastKnownFileType = sourcecode.c.h; path = "UIScreen+UAFAdditions.h"; sourceTree = "<group>"; };
		E3EFAA421772754B00C8B397 /* UIScreen+UAFAdditions.m */ = {isa = PBXFileReference; fileEncoding = 4; lastKnownFileType = sourcecode.c.objc; path = "UIScreen+UAFAdditions.m"; sourceTree = "<group>"; };
		E3EFAA431772754B00C8B397 /* UIScrollView+UAFAdditions.h */ = {isa = PBXFileReference; fileEncoding = 4; lastKnownFileType = sourcecode.c.h; path = "UIScrollView+UAFAdditions.h"; sourceTree = "<group>"; };
		E3EFAA441772754B00C8B397 /* UIScrollView+UAFAdditions.m */ = {isa = PBXFileReference; fileEncoding = 4; lastKnownFileType = sourcecode.c.objc; path = "UIScrollView+UAFAdditions.m"; sourceTree = "<group>"; };
		E3EFAA451772754B00C8B397 /* UIView+UAFAdditions.h */ = {isa = PBXFileReference; fileEncoding = 4; lastKnownFileType = sourcecode.c.h; path = "UIView+UAFAdditions.h"; sourceTree = "<group>"; };
		E3EFAA461772754B00C8B397 /* UIView+UAFAdditions.m */ = {isa = PBXFileReference; fileEncoding = 4; lastKnownFileType = sourcecode.c.objc; path = "UIView+UAFAdditions.m"; sourceTree = "<group>"; };
		E3EFAA471772754B00C8B397 /* UIViewController+UAFAdditions.h */ = {isa = PBXFileReference; fileEncoding = 4; lastKnownFileType = sourcecode.c.h; path = "UIViewController+UAFAdditions.h"; sourceTree = "<group>"; };
		E3EFAA481772754B00C8B397 /* UIViewController+UAFAdditions.m */ = {isa = PBXFileReference; fileEncoding = 4; lastKnownFileType = sourcecode.c.objc; path = "UIViewController+UAFAdditions.m"; sourceTree = "<group>"; };
		E3EFAA5717728B0700C8B397 /* AVFoundation.framework */ = {isa = PBXFileReference; lastKnownFileType = wrapper.framework; name = AVFoundation.framework; path = System/Library/Frameworks/AVFoundation.framework; sourceTree = SDKROOT; };
		E3EFAA5917728B2200C8B397 /* UIKit.framework */ = {isa = PBXFileReference; lastKnownFileType = wrapper.framework; name = UIKit.framework; path = System/Library/Frameworks/UIKit.framework; sourceTree = SDKROOT; };
		E3EFAA5B1772917900C8B397 /* CoreMedia.framework */ = {isa = PBXFileReference; lastKnownFileType = wrapper.framework; name = CoreMedia.framework; path = System/Library/Frameworks/CoreMedia.framework; sourceTree = SDKROOT; };
		E3EFAA611772E0F300C8B397 /* UAFNavigationController.h */ = {isa = PBXFileReference; fileEncoding = 4; lastKnownFileType = sourcecode.c.h; path = UAFNavigationController.h; sourceTree = "<group>"; };
		E3EFAA621772E0F300C8B397 /* UAFNavigationController.m */ = {isa = PBXFileReference; fileEncoding = 4; lastKnownFileType = sourcecode.c.objc; path = UAFNavigationController.m; sourceTree = "<group>"; };
		E3EFAA641772E4B900C8B397 /* Navigation.h */ = {isa = PBXFileReference; fileEncoding = 4; lastKnownFileType = sourcecode.c.h; path = Navigation.h; sourceTree = "<group>"; };
		E3EFAA671772E72700C8B397 /* UAFNavigationItem.h */ = {isa = PBXFileReference; fileEncoding = 4; lastKnownFileType = sourcecode.c.h; path = UAFNavigationItem.h; sourceTree = "<group>"; };
		E3EFAA681772E80A00C8B397 /* UAFViewController.h */ = {isa = PBXFileReference; fileEncoding = 4; lastKnownFileType = sourcecode.c.h; path = UAFViewController.h; sourceTree = "<group>"; };
		E3EFAA691772E80A00C8B397 /* UAFViewController.m */ = {isa = PBXFileReference; fileEncoding = 4; lastKnownFileType = sourcecode.c.objc; path = UAFViewController.m; sourceTree = "<group>"; };
		E3EFAA6B1772E93900C8B397 /* Boilerplate.h */ = {isa = PBXFileReference; fileEncoding = 4; lastKnownFileType = sourcecode.c.h; path = Boilerplate.h; sourceTree = "<group>"; };
		E3EFAA6C1772EA0D00C8B397 /* UAFView.h */ = {isa = PBXFileReference; fileEncoding = 4; lastKnownFileType = sourcecode.c.h; path = UAFView.h; sourceTree = "<group>"; };
		E3EFAA6D1772EA0D00C8B397 /* UAFView.m */ = {isa = PBXFileReference; fileEncoding = 4; lastKnownFileType = sourcecode.c.objc; path = UAFView.m; sourceTree = "<group>"; };
		E3EFAA701772ED9F00C8B397 /* UAFScrollView.h */ = {isa = PBXFileReference; fileEncoding = 4; lastKnownFileType = sourcecode.c.h; path = UAFScrollView.h; sourceTree = "<group>"; };
		E3EFAA711772EDA000C8B397 /* UAFScrollView.m */ = {isa = PBXFileReference; fileEncoding = 4; lastKnownFileType = sourcecode.c.objc; path = UAFScrollView.m; sourceTree = "<group>"; };
		E3EFAA731772F08800C8B397 /* UAFCollectionReusableView.h */ = {isa = PBXFileReference; fileEncoding = 4; lastKnownFileType = sourcecode.c.h; path = UAFCollectionReusableView.h; sourceTree = "<group>"; };
		E3EFAA741772F08900C8B397 /* UAFCollectionReusableView.m */ = {isa = PBXFileReference; fileEncoding = 4; lastKnownFileType = sourcecode.c.objc; path = UAFCollectionReusableView.m; sourceTree = "<group>"; };
		E3EFAA751772F08900C8B397 /* UAFCollectionViewCell.h */ = {isa = PBXFileReference; fileEncoding = 4; lastKnownFileType = sourcecode.c.h; path = UAFCollectionViewCell.h; sourceTree = "<group>"; };
		E3EFAA761772F08A00C8B397 /* UAFCollectionViewCell.m */ = {isa = PBXFileReference; fileEncoding = 4; lastKnownFileType = sourcecode.c.objc; path = UAFCollectionViewCell.m; sourceTree = "<group>"; };
		E3EFAA771772F08B00C8B397 /* UAFCollectionViewController.h */ = {isa = PBXFileReference; fileEncoding = 4; lastKnownFileType = sourcecode.c.h; path = UAFCollectionViewController.h; sourceTree = "<group>"; };
		E3EFAA781772F08B00C8B397 /* UAFCollectionViewController.m */ = {isa = PBXFileReference; fileEncoding = 4; lastKnownFileType = sourcecode.c.objc; path = UAFCollectionViewController.m; sourceTree = "<group>"; };
		E3EFAA791772F08C00C8B397 /* UAFControl.h */ = {isa = PBXFileReference; fileEncoding = 4; lastKnownFileType = sourcecode.c.h; path = UAFControl.h; sourceTree = "<group>"; };
		E3EFAA7A1772F08D00C8B397 /* UAFControl.m */ = {isa = PBXFileReference; fileEncoding = 4; lastKnownFileType = sourcecode.c.objc; path = UAFControl.m; sourceTree = "<group>"; };
		E3EFAA7F1772F1DF00C8B397 /* Boilerplate_UICollectionView.h */ = {isa = PBXFileReference; fileEncoding = 4; lastKnownFileType = sourcecode.c.h; path = Boilerplate_UICollectionView.h; sourceTree = "<group>"; };
		E3EFAA801772F6AF00C8B397 /* Keyboard_Resizing.h */ = {isa = PBXFileReference; fileEncoding = 4; lastKnownFileType = sourcecode.c.h; path = Keyboard_Resizing.h; sourceTree = "<group>"; };
		E3EFAA811772F70800C8B397 /* UIScrollView+UAFAdditions_KeyboardResizing.h */ = {isa = PBXFileReference; fileEncoding = 4; lastKnownFileType = sourcecode.c.h; path = "UIScrollView+UAFAdditions_KeyboardResizing.h"; sourceTree = "<group>"; };
		E3EFAA821772F70900C8B397 /* UIScrollView+UAFAdditions_KeyboardResizing.m */ = {isa = PBXFileReference; fileEncoding = 4; lastKnownFileType = sourcecode.c.objc; path = "UIScrollView+UAFAdditions_KeyboardResizing.m"; sourceTree = "<group>"; };
		E3EFAA841772F73200C8B397 /* UIViewController+UAFAdditions_KeyboardResizing.h */ = {isa = PBXFileReference; fileEncoding = 4; lastKnownFileType = sourcecode.c.h; path = "UIViewController+UAFAdditions_KeyboardResizing.h"; sourceTree = "<group>"; };
		E3EFAA851772F73200C8B397 /* UIViewController+UAFAdditions_KeyboardResizing.m */ = {isa = PBXFileReference; fileEncoding = 4; lastKnownFileType = sourcecode.c.objc; path = "UIViewController+UAFAdditions_KeyboardResizing.m"; sourceTree = "<group>"; };
		E3EFAA8A1772F83800C8B397 /* UAFKeyboardResizing.h */ = {isa = PBXFileReference; fileEncoding = 4; lastKnownFileType = sourcecode.c.h; path = UAFKeyboardResizing.h; sourceTree = "<group>"; };
		E3EFAA8B1772FCC900C8B397 /* UIViewController+UAFAdditions_Navigation.h */ = {isa = PBXFileReference; fileEncoding = 4; lastKnownFileType = sourcecode.c.h; path = "UIViewController+UAFAdditions_Navigation.h"; sourceTree = "<group>"; };
		E3EFAA8C1772FCCA00C8B397 /* UIViewController+UAFAdditions_Navigation.m */ = {isa = PBXFileReference; fileEncoding = 4; lastKnownFileType = sourcecode.c.objc; path = "UIViewController+UAFAdditions_Navigation.m"; sourceTree = "<group>"; };
		E3EFAA8E177301E300C8B397 /* UAFObject.h */ = {isa = PBXFileReference; fileEncoding = 4; lastKnownFileType = sourcecode.c.h; path = UAFObject.h; sourceTree = "<group>"; };
/* End PBXFileReference section */

/* Begin PBXFrameworksBuildPhase section */
		E3553F8917725CF800762627 /* Frameworks */ = {
			isa = PBXFrameworksBuildPhase;
			buildActionMask = 2147483647;
			files = (
				E3890B3F17745B4300292365 /* libcommonCrypto.dylib in Frameworks */,
				E3890B3D177456BC00292365 /* QuartzCore.framework in Frameworks */,
				E3890B381774530400292365 /* CoreData.framework in Frameworks */,
				E3890B361774527700292365 /* StoreKit.framework in Frameworks */,
				E3890B2B177446D800292365 /* AudioToolbox.framework in Frameworks */,
				E3EFAA5C1772917900C8B397 /* CoreMedia.framework in Frameworks */,
				E3EFAA5A17728B2300C8B397 /* UIKit.framework in Frameworks */,
				E3EFAA5817728B0800C8B397 /* AVFoundation.framework in Frameworks */,
				E3553F9017725CF800762627 /* Foundation.framework in Frameworks */,
				7FF5D1B0EBD741D49F9F07AF /* libPods.a in Frameworks */,
			);
			runOnlyForDeploymentPostprocessing = 0;
		};
		E3553F9917725CF800762627 /* Frameworks */ = {
			isa = PBXFrameworksBuildPhase;
			buildActionMask = 2147483647;
			files = (
				E3553F9F17725CF800762627 /* SenTestingKit.framework in Frameworks */,
				E3553FA217725CF800762627 /* Foundation.framework in Frameworks */,
				E3553FA517725CF800762627 /* libUAFToolkit.a in Frameworks */,
			);
			runOnlyForDeploymentPostprocessing = 0;
		};
/* End PBXFrameworksBuildPhase section */

/* Begin PBXGroup section */
		E3370F2E17747381008A8773 /* Layouts */ = {
			isa = PBXGroup;
			children = (
				E3370F30177473DC008A8773 /* UAFCollectionViewLayoutAttributes.h */,
				E3890B59177472ED00292365 /* UICollectionViewFlowLayout+UAFAdditions_RegularLayout.h */,
				E3890B5A177472EE00292365 /* UICollectionViewFlowLayout+UAFAdditions_RegularLayout.m */,
			);
			name = Layouts;
			sourceTree = "<group>";
		};
		E3553F8317725CF800762627 = {
			isa = PBXGroup;
			children = (
				E3553F9117725CF800762627 /* UAFToolkit */,
				E3553FB7177260A200762627 /* Resources */,
				E3553FA617725CF800762627 /* Tests */,
				E3553F8E17725CF800762627 /* Frameworks */,
				E3553F8D17725CF800762627 /* Products */,
				D8C1EE9F76EC4AAF8A391A0A /* Pods.xcconfig */,
			);
			sourceTree = "<group>";
		};
		E3553F8D17725CF800762627 /* Products */ = {
			isa = PBXGroup;
			children = (
				E3553F8C17725CF800762627 /* libUAFToolkit.a */,
				E3553F9D17725CF800762627 /* UAFToolkitTests.octest */,
			);
			name = Products;
			sourceTree = "<group>";
		};
		E3553F8E17725CF800762627 /* Frameworks */ = {
			isa = PBXGroup;
			children = (
				1E5BDBEF74AE4F339F55A4A0 /* libPods.a */,
				E3890B3E17745B4100292365 /* libcommonCrypto.dylib */,
				E3890B2A177446D700292365 /* AudioToolbox.framework */,
				E3EFAA5717728B0700C8B397 /* AVFoundation.framework */,
				E3890B371774530400292365 /* CoreData.framework */,
				E3EFAA5B1772917900C8B397 /* CoreMedia.framework */,
				E3553F8F17725CF800762627 /* Foundation.framework */,
				E3890B3C177456BC00292365 /* QuartzCore.framework */,
				E3553F9E17725CF800762627 /* SenTestingKit.framework */,
				E3890B351774527700292365 /* StoreKit.framework */,
				E3EFAA5917728B2200C8B397 /* UIKit.framework */,
			);
			name = Frameworks;
			sourceTree = "<group>";
		};
		E3553F9117725CF800762627 /* UAFToolkit */ = {
			isa = PBXGroup;
			children = (
				E3553FC01772644100762627 /* UAFToolkit.h */,
				E3EFAA5E1772E0EB00C8B397 /* Boilerplate */,
				E3EFAA1B177270FD00C8B397 /* Foundation */,
				E3EFAA5F1772E0ED00C8B397 /* Keyboard */,
				E3EFAA601772E0F000C8B397 /* Navigation */,
				E3890B1717743B6700292365 /* SFX */,
				E3890B26177444CC00292365 /* Storage */,
				E3890B24177444CA00292365 /* StoreKit */,
				E3EFAA351772754A00C8B397 /* UIKit */,
				E3890B431774628700292365 /* UI */,
				E3553FB8177260B100762627 /* Utility */,
			);
			path = UAFToolkit;
			sourceTree = "<group>";
		};
		E3553FA617725CF800762627 /* Tests */ = {
			isa = PBXGroup;
			children = (
				E3553FC6177264C600762627 /* UAFToolkitTests.h */,
				E3553FC7177264C600762627 /* UAFToolkitTests.m */,
			);
			name = Tests;
			path = UAFToolkitTests;
			sourceTree = "<group>";
		};
		E3553FB7177260A200762627 /* Resources */ = {
			isa = PBXGroup;
			children = (
				E3553FD3177267E800762627 /* UAFToolkit-Prefix.pch */,
				E3553FC31772646800762627 /* PLists */,
			);
			name = Resources;
			path = UAFToolkit;
			sourceTree = "<group>";
		};
		E3553FB8177260B100762627 /* Utility */ = {
			isa = PBXGroup;
			children = (
				E3553FCF1772666F00762627 /* Utility.h */,
				E3553FD4177268D700762627 /* UAFDebugUtilities.h */,
				E3553FD5177268D700762627 /* UAFDebugUtilities.m */,
				E3553FD01772668900762627 /* UAFDispatchUtilities.h */,
				E3553FD11772668900762627 /* UAFDispatchUtilities.m */,
				E3EFAA1717726D4A00C8B397 /* UAFDrawingUtilities.h */,
				E3EFAA1817726D4A00C8B397 /* UAFDrawingUtilities.m */,
			);
			name = Utility;
			sourceTree = "<group>";
		};
		E3553FC31772646800762627 /* PLists */ = {
			isa = PBXGroup;
			children = (
				E3553FC4177264AE00762627 /* UAFToolkitTests-Info.plist */,
				E3553FC91772659D00762627 /* InfoPlist.strings */,
			);
			name = PLists;
			sourceTree = "<group>";
		};
		E3890B1717743B6700292365 /* SFX */ = {
			isa = PBXGroup;
			children = (
				E3890B1A17743B6700292365 /* SFX.h */,
				E3890B1817743B6700292365 /* AVPlayerItem+UAFAdditions.h */,
				E3890B1917743B6700292365 /* AVPlayerItem+UAFAdditions.m */,
				E3890B1B17743B6700292365 /* UAFUISoundController.h */,
				E3890B1C17743B6700292365 /* UAFUISoundController.m */,
				E3890B1D17743B6700292365 /* UIView+UAFAdditions_SFX.h */,
				E3890B1E17743B6700292365 /* UIView+UAFAdditions_SFX.m */,
			);
			name = SFX;
			path = Code/SFX;
			sourceTree = SOURCE_ROOT;
		};
		E3890B24177444CA00292365 /* StoreKit */ = {
			isa = PBXGroup;
			children = (
				E3890B25177444CC00292365 /* StoreKit.h */,
				E3890B341774523A00292365 /* UAFPurchaseableDataObject.h */,
			);
			name = StoreKit;
			path = Code/StoreKit;
			sourceTree = SOURCE_ROOT;
		};
		E3890B26177444CC00292365 /* Storage */ = {
			isa = PBXGroup;
			children = (
				E3890B27177444CD00292365 /* Storage.h */,
				E3890B2C1774471D00292365 /* UAFLocalStorage.h */,
				E3890B3117744CD000292365 /* UAFVideoResourceManager.h */,
				E3890B3217744CD000292365 /* UAFVideoResourceManager.m */,
			);
			name = Storage;
			path = Code/Storage;
			sourceTree = SOURCE_ROOT;
		};
		E3890B431774628700292365 /* UI */ = {
			isa = PBXGroup;
			children = (
				E3890B4B1774628F00292365 /* UI.h */,
				E3890B4C1774628F00292365 /* UI_Components.h */,
				E3890B4D1774628F00292365 /* UI_Effects.h */,
				E3890B461774628F00292365 /* UAFInertialViewController.h */,
				E3890B4A1774628F00292365 /* UAFViewOptions.h */,
				E3890B50177462BD00292365 /* Components */,
				E3890B54177462DF00292365 /* Effects */,
			);
			name = UI;
			path = Code/UI;
			sourceTree = SOURCE_ROOT;
		};
		E3890B50177462BD00292365 /* Components */ = {
			isa = PBXGroup;
			children = (
				E3890B441774628F00292365 /* UAFActivityIndicatorDotsView.h */,
				E3890B451774628F00292365 /* UAFActivityIndicatorDotsView.m */,
				E3890B471774628F00292365 /* UAFToastView.h */,
				E3890B481774628F00292365 /* UAFToastView.m */,
				E3890B55177468C800292365 /* UAFTextField.h */,
				E3890B56177468C800292365 /* UAFTextField.m */,
			);
			name = Components;
			sourceTree = "<group>";
		};
		E3890B54177462DF00292365 /* Effects */ = {
			isa = PBXGroup;
			children = (
				E3890B491774628F00292365 /* UAFViewDynamics.h */,
				E3890B51177462D400292365 /* UIView+UAFAdditions_Effects.h */,
				E3890B52177462D500292365 /* UIView+UAFAdditions_Effects.m */,
			);
			name = Effects;
			sourceTree = "<group>";
		};
		E3890B581774721D00292365 /* Gestures */ = {
			isa = PBXGroup;
			children = (
				E3EFAA3F1772754B00C8B397 /* UIPanGestureRecognizer+UAFAdditions.h */,
				E3EFAA401772754B00C8B397 /* UIPanGestureRecognizer+UAFAdditions.m */,
			);
			name = Gestures;
			sourceTree = "<group>";
		};
		E3EFAA1B177270FD00C8B397 /* Foundation */ = {
			isa = PBXGroup;
			children = (
				E3EFAA341772723800C8B397 /* Foundation.h */,
				E3EFAA1C177270FD00C8B397 /* NSArray+UAFAdditions.h */,
				E3EFAA1D177270FD00C8B397 /* NSArray+UAFAdditions.m */,
				E3EFAA1E177270FD00C8B397 /* NSBundle+UAFAdditions.h */,
				E3EFAA1F177270FD00C8B397 /* NSBundle+UAFAdditions.m */,
				E3EFAA20177270FD00C8B397 /* NSData+UAFAdditions.h */,
				E3EFAA21177270FD00C8B397 /* NSData+UAFAdditions.m */,
				E3EFAA22177270FD00C8B397 /* NSDate+UAFAdditions.h */,
				E3EFAA23177270FD00C8B397 /* NSDate+UAFAdditions.m */,
				E3EFAA24177270FD00C8B397 /* NSDictionary+UAFAdditions.h */,
				E3EFAA25177270FD00C8B397 /* NSDictionary+UAFAdditions.m */,
				E3EFAA26177270FD00C8B397 /* NSObject+UAFAdditions.h */,
				E3EFAA27177270FD00C8B397 /* NSObject+UAFAdditions.m */,
				E3EFAA28177270FD00C8B397 /* NSString+UAFAdditions.h */,
				E3EFAA29177270FD00C8B397 /* NSString+UAFAdditions.m */,
				E3EFAA2A177270FD00C8B397 /* NSURL+UAFAdditions.h */,
				E3EFAA2B177270FD00C8B397 /* NSURL+UAFAdditions.m */,
			);
			name = Foundation;
			path = Code/Foundation;
			sourceTree = SOURCE_ROOT;
		};
		E3EFAA351772754A00C8B397 /* UIKit */ = {
			isa = PBXGroup;
			children = (
				E3EFAA3E1772754B00C8B397 /* UIKit.h */,
				E3890B0E17741B5700292365 /* UIKit_Gestures.h */,
				E3370F2F177473B2008A8773 /* UIKit_Layouts.h */,
				E3EFAA361772754B00C8B397 /* UIApplication+UAFAdditions.h */,
				E3EFAA371772754B00C8B397 /* UIApplication+UAFAdditions.m */,
				E3EFAA381772754B00C8B397 /* UIColor+UAFAdditions.h */,
				E3EFAA391772754B00C8B397 /* UIColor+UAFAdditions.m */,
				E3EFAA3A1772754B00C8B397 /* UIControl+UAFAdditions.h */,
				E3EFAA3B1772754B00C8B397 /* UIControl+UAFAdditions.m */,
				E3EFAA3C1772754B00C8B397 /* UIImage+UAFAdditions.h */,
				E3EFAA3D1772754B00C8B397 /* UIImage+UAFAdditions.m */,
				E3EFAA411772754B00C8B397 /* UIScreen+UAFAdditions.h */,
				E3EFAA421772754B00C8B397 /* UIScreen+UAFAdditions.m */,
				E3EFAA431772754B00C8B397 /* UIScrollView+UAFAdditions.h */,
				E3EFAA441772754B00C8B397 /* UIScrollView+UAFAdditions.m */,
				E3EFAA451772754B00C8B397 /* UIView+UAFAdditions.h */,
				E3EFAA461772754B00C8B397 /* UIView+UAFAdditions.m */,
				E3EFAA471772754B00C8B397 /* UIViewController+UAFAdditions.h */,
				E3EFAA481772754B00C8B397 /* UIViewController+UAFAdditions.m */,
				E3890B581774721D00292365 /* Gestures */,
				E3370F2E17747381008A8773 /* Layouts */,
			);
			name = UIKit;
			path = Code/UIKit;
			sourceTree = SOURCE_ROOT;
		};
		E3EFAA5E1772E0EB00C8B397 /* Boilerplate */ = {
			isa = PBXGroup;
			children = (
				E3EFAA6B1772E93900C8B397 /* Boilerplate.h */,
				E3EFAA7F1772F1DF00C8B397 /* Boilerplate_UICollectionView.h */,
				E3EFAA8E177301E300C8B397 /* UAFObject.h */,
				E3EFAA681772E80A00C8B397 /* UAFViewController.h */,
				E3EFAA691772E80A00C8B397 /* UAFViewController.m */,
				E3EFAA6C1772EA0D00C8B397 /* UAFView.h */,
				E3EFAA6D1772EA0D00C8B397 /* UAFView.m */,
				E3EFAA791772F08C00C8B397 /* UAFControl.h */,
				E3EFAA7A1772F08D00C8B397 /* UAFControl.m */,
				E3EFAA701772ED9F00C8B397 /* UAFScrollView.h */,
				E3EFAA711772EDA000C8B397 /* UAFScrollView.m */,
				E3EFAA881772F76B00C8B397 /* UICollectionView */,
			);
			name = Boilerplate;
			path = Code/Boilerplate;
			sourceTree = SOURCE_ROOT;
		};
		E3EFAA5F1772E0ED00C8B397 /* Keyboard */ = {
			isa = PBXGroup;
			children = (
				E3EFAA801772F6AF00C8B397 /* Keyboard_Resizing.h */,
				E3EFAA891772F7DF00C8B397 /* Resizing */,
			);
			name = Keyboard;
			path = Code/Keyboard;
			sourceTree = SOURCE_ROOT;
		};
		E3EFAA601772E0F000C8B397 /* Navigation */ = {
			isa = PBXGroup;
			children = (
				E3EFAA641772E4B900C8B397 /* Navigation.h */,
				E3EFAA611772E0F300C8B397 /* UAFNavigationController.h */,
				E3EFAA621772E0F300C8B397 /* UAFNavigationController.m */,
				E3EFAA671772E72700C8B397 /* UAFNavigationItem.h */,
				E3EFAA8B1772FCC900C8B397 /* UIViewController+UAFAdditions_Navigation.h */,
				E3EFAA8C1772FCCA00C8B397 /* UIViewController+UAFAdditions_Navigation.m */,
			);
			name = Navigation;
			path = Code/Navigation;
			sourceTree = SOURCE_ROOT;
		};
		E3EFAA881772F76B00C8B397 /* UICollectionView */ = {
			isa = PBXGroup;
			children = (
				E3EFAA731772F08800C8B397 /* UAFCollectionReusableView.h */,
				E3EFAA741772F08900C8B397 /* UAFCollectionReusableView.m */,
				E3EFAA751772F08900C8B397 /* UAFCollectionViewCell.h */,
				E3EFAA761772F08A00C8B397 /* UAFCollectionViewCell.m */,
				E3EFAA771772F08B00C8B397 /* UAFCollectionViewController.h */,
				E3EFAA781772F08B00C8B397 /* UAFCollectionViewController.m */,
			);
			name = UICollectionView;
			sourceTree = "<group>";
		};
		E3EFAA891772F7DF00C8B397 /* Resizing */ = {
			isa = PBXGroup;
			children = (
				E3EFAA8A1772F83800C8B397 /* UAFKeyboardResizing.h */,
				E3EFAA811772F70800C8B397 /* UIScrollView+UAFAdditions_KeyboardResizing.h */,
				E3EFAA821772F70900C8B397 /* UIScrollView+UAFAdditions_KeyboardResizing.m */,
				E3EFAA841772F73200C8B397 /* UIViewController+UAFAdditions_KeyboardResizing.h */,
				E3EFAA851772F73200C8B397 /* UIViewController+UAFAdditions_KeyboardResizing.m */,
			);
			name = Resizing;
			sourceTree = "<group>";
		};
/* End PBXGroup section */

/* Begin PBXNativeTarget section */
		E3553F8B17725CF800762627 /* UAFToolkit */ = {
			isa = PBXNativeTarget;
			buildConfigurationList = E3553FB117725CF800762627 /* Build configuration list for PBXNativeTarget "UAFToolkit" */;
			buildPhases = (
				DB0111C5B6894512971F2A34 /* Check Pods Manifest.lock */,
				E3553F8817725CF800762627 /* Sources */,
				E3553F8917725CF800762627 /* Frameworks */,
				E3553F8A17725CF800762627 /* CopyFiles */,
				E3EFAA1A1772701500C8B397 /* ShellScript */,
				4D3746B93F18425789BCDC09 /* Copy Pods Resources */,
			);
			buildRules = (
			);
			dependencies = (
			);
			name = UAFToolkit;
			productName = UAFToolkit;
			productReference = E3553F8C17725CF800762627 /* libUAFToolkit.a */;
			productType = "com.apple.product-type.library.static";
		};
		E3553F9C17725CF800762627 /* UAFToolkitTests */ = {
			isa = PBXNativeTarget;
			buildConfigurationList = E3553FB417725CF800762627 /* Build configuration list for PBXNativeTarget "UAFToolkitTests" */;
			buildPhases = (
				E3553F9817725CF800762627 /* Sources */,
				E3553F9917725CF800762627 /* Frameworks */,
				E3553F9A17725CF800762627 /* Resources */,
				E3553F9B17725CF800762627 /* ShellScript */,
			);
			buildRules = (
			);
			dependencies = (
				E3553FA417725CF800762627 /* PBXTargetDependency */,
			);
			name = UAFToolkitTests;
			productName = UAFToolkitTests;
			productReference = E3553F9D17725CF800762627 /* UAFToolkitTests.octest */;
			productType = "com.apple.product-type.bundle";
		};
/* End PBXNativeTarget section */

/* Begin PBXProject section */
		E3553F8417725CF800762627 /* Project object */ = {
			isa = PBXProject;
			attributes = {
				LastUpgradeCheck = 0460;
				ORGANIZATIONNAME = UseAllFive;
			};
			buildConfigurationList = E3553F8717725CF800762627 /* Build configuration list for PBXProject "UAFToolkit" */;
			compatibilityVersion = "Xcode 3.2";
			developmentRegion = English;
			hasScannedForEncodings = 0;
			knownRegions = (
				en,
			);
			mainGroup = E3553F8317725CF800762627;
			productRefGroup = E3553F8D17725CF800762627 /* Products */;
			projectDirPath = "";
			projectRoot = "";
			targets = (
				E3553F8B17725CF800762627 /* UAFToolkit */,
				E3553F9C17725CF800762627 /* UAFToolkitTests */,
			);
		};
/* End PBXProject section */

/* Begin PBXResourcesBuildPhase section */
		E3553F9A17725CF800762627 /* Resources */ = {
			isa = PBXResourcesBuildPhase;
			buildActionMask = 2147483647;
			files = (
				E3553FC5177264AE00762627 /* UAFToolkitTests-Info.plist in Resources */,
				E3553FCB1772659D00762627 /* InfoPlist.strings in Resources */,
			);
			runOnlyForDeploymentPostprocessing = 0;
		};
/* End PBXResourcesBuildPhase section */

/* Begin PBXShellScriptBuildPhase section */
		4D3746B93F18425789BCDC09 /* Copy Pods Resources */ = {
			isa = PBXShellScriptBuildPhase;
			buildActionMask = 2147483647;
			files = (
			);
			inputPaths = (
			);
			name = "Copy Pods Resources";
			outputPaths = (
			);
			runOnlyForDeploymentPostprocessing = 0;
			shellPath = /bin/sh;
			shellScript = "\"${SRCROOT}/Pods/Pods-resources.sh\"\n";
		};
		DB0111C5B6894512971F2A34 /* Check Pods Manifest.lock */ = {
			isa = PBXShellScriptBuildPhase;
			buildActionMask = 2147483647;
			files = (
			);
			inputPaths = (
			);
			name = "Check Pods Manifest.lock";
			outputPaths = (
			);
			runOnlyForDeploymentPostprocessing = 0;
			shellPath = /bin/sh;
			shellScript = "diff \"${PODS_ROOT}/../Podfile.lock\" \"${PODS_ROOT}/Manifest.lock\" > /dev/null\nif [[ $? != 0 ]] ; then\n    cat << EOM\nerror: The sandbox is not in sync with the Podfile.lock. Run 'pod install' or update your CocoaPods installation.\nEOM\n    exit 1\nfi\n";
		};
		E3553F9B17725CF800762627 /* ShellScript */ = {
			isa = PBXShellScriptBuildPhase;
			buildActionMask = 2147483647;
			files = (
			);
			inputPaths = (
			);
			outputPaths = (
			);
			runOnlyForDeploymentPostprocessing = 0;
			shellPath = /bin/sh;
			shellScript = "# Run the unit tests in this test bundle.\n\"${SYSTEM_DEVELOPER_DIR}/Tools/RunUnitTests\"\n";
		};
		E3EFAA1A1772701500C8B397 /* ShellScript */ = {
			isa = PBXShellScriptBuildPhase;
			buildActionMask = 2147483647;
			files = (
			);
			inputPaths = (
			);
			outputPaths = (
			);
			runOnlyForDeploymentPostprocessing = 0;
			shellPath = /bin/sh;
			shellScript = "KEYWORDS=\"TODO:|FIXME:|\\?\\?\\?:|\\!\\!\\!:\"\nfind \"${SRCROOT}/Code\" \\( -name \"*.h\" -or -name \"*.m\" \\) -print0 | xargs -0 egrep --with-filename --line-number --only-matching \"($KEYWORDS).*\\$\" | perl -p -e \"s/($KEYWORDS)/ warning: \\$1/\"";
		};
/* End PBXShellScriptBuildPhase section */

/* Begin PBXSourcesBuildPhase section */
		E3553F8817725CF800762627 /* Sources */ = {
			isa = PBXSourcesBuildPhase;
			buildActionMask = 2147483647;
			files = (
				E3553FD21772668900762627 /* UAFDispatchUtilities.m in Sources */,
				E3553FD6177268D700762627 /* UAFDebugUtilities.m in Sources */,
				E3EFAA1917726D4A00C8B397 /* UAFDrawingUtilities.m in Sources */,
				E3EFAA2C177270FD00C8B397 /* NSArray+UAFAdditions.m in Sources */,
				E3EFAA2D177270FD00C8B397 /* NSBundle+UAFAdditions.m in Sources */,
				E3EFAA2E177270FD00C8B397 /* NSData+UAFAdditions.m in Sources */,
				E3EFAA2F177270FD00C8B397 /* NSDate+UAFAdditions.m in Sources */,
				E3EFAA30177270FD00C8B397 /* NSDictionary+UAFAdditions.m in Sources */,
				E3EFAA31177270FD00C8B397 /* NSObject+UAFAdditions.m in Sources */,
				E3EFAA32177270FD00C8B397 /* NSString+UAFAdditions.m in Sources */,
				E3EFAA33177270FD00C8B397 /* NSURL+UAFAdditions.m in Sources */,
				E3EFAA491772754B00C8B397 /* UIApplication+UAFAdditions.m in Sources */,
				E3EFAA4A1772754B00C8B397 /* UIColor+UAFAdditions.m in Sources */,
				E3EFAA4B1772754B00C8B397 /* UIControl+UAFAdditions.m in Sources */,
				E3EFAA4C1772754B00C8B397 /* UIImage+UAFAdditions.m in Sources */,
				E3EFAA4D1772754B00C8B397 /* UIPanGestureRecognizer+UAFAdditions.m in Sources */,
				E3EFAA4E1772754B00C8B397 /* UIScreen+UAFAdditions.m in Sources */,
				E3EFAA4F1772754B00C8B397 /* UIScrollView+UAFAdditions.m in Sources */,
				E3EFAA501772754B00C8B397 /* UIView+UAFAdditions.m in Sources */,
				E3EFAA511772754B00C8B397 /* UIViewController+UAFAdditions.m in Sources */,
				E3EFAA631772E0F300C8B397 /* UAFNavigationController.m in Sources */,
				E3EFAA6A1772E80A00C8B397 /* UAFViewController.m in Sources */,
				E3EFAA6E1772EA0D00C8B397 /* UAFView.m in Sources */,
				E3EFAA721772EDA000C8B397 /* UAFScrollView.m in Sources */,
				E3EFAA7B1772F08D00C8B397 /* UAFCollectionReusableView.m in Sources */,
				E3EFAA7C1772F08D00C8B397 /* UAFCollectionViewCell.m in Sources */,
				E3EFAA7D1772F08D00C8B397 /* UAFCollectionViewController.m in Sources */,
				E3EFAA7E1772F08D00C8B397 /* UAFControl.m in Sources */,
				E3EFAA831772F70900C8B397 /* UIScrollView+UAFAdditions_KeyboardResizing.m in Sources */,
				E3EFAA861772F73200C8B397 /* UIViewController+UAFAdditions_KeyboardResizing.m in Sources */,
				E3EFAA8D1772FCCA00C8B397 /* UIViewController+UAFAdditions_Navigation.m in Sources */,
				E3890B1F17743B6700292365 /* AVPlayerItem+UAFAdditions.m in Sources */,
				E3890B2017743B6700292365 /* UAFUISoundController.m in Sources */,
				E3890B2117743B6700292365 /* UIView+UAFAdditions_SFX.m in Sources */,
				E3890B3317744CD000292365 /* UAFVideoResourceManager.m in Sources */,
				E3890B4E1774628F00292365 /* UAFActivityIndicatorDotsView.m in Sources */,
				E3890B4F1774628F00292365 /* UAFToastView.m in Sources */,
				E3890B53177462D500292365 /* UIView+UAFAdditions_Effects.m in Sources */,
				E3890B57177468C800292365 /* UAFTextField.m in Sources */,
				E3890B5B177472F100292365 /* UICollectionViewFlowLayout+UAFAdditions_RegularLayout.m in Sources */,
			);
			runOnlyForDeploymentPostprocessing = 0;
		};
		E3553F9817725CF800762627 /* Sources */ = {
			isa = PBXSourcesBuildPhase;
			buildActionMask = 2147483647;
			files = (
				E3553FC8177264C600762627 /* UAFToolkitTests.m in Sources */,
			);
			runOnlyForDeploymentPostprocessing = 0;
		};
/* End PBXSourcesBuildPhase section */

/* Begin PBXTargetDependency section */
		E3553FA417725CF800762627 /* PBXTargetDependency */ = {
			isa = PBXTargetDependency;
			target = E3553F8B17725CF800762627 /* UAFToolkit */;
			targetProxy = E3553FA317725CF800762627 /* PBXContainerItemProxy */;
		};
/* End PBXTargetDependency section */

/* Begin PBXVariantGroup section */
		E3553FC91772659D00762627 /* InfoPlist.strings */ = {
			isa = PBXVariantGroup;
			children = (
				E3553FCA1772659D00762627 /* en */,
			);
			name = InfoPlist.strings;
			sourceTree = "<group>";
		};
/* End PBXVariantGroup section */

/* Begin XCBuildConfiguration section */
		E3553FAF17725CF800762627 /* Debug */ = {
			isa = XCBuildConfiguration;
			buildSettings = {
				ALWAYS_SEARCH_USER_PATHS = NO;
				CLANG_CXX_LANGUAGE_STANDARD = "gnu++0x";
				CLANG_CXX_LIBRARY = "libc++";
				CLANG_ENABLE_OBJC_ARC = YES;
				CLANG_WARN_CONSTANT_CONVERSION = YES;
				CLANG_WARN_EMPTY_BODY = YES;
				CLANG_WARN_ENUM_CONVERSION = YES;
				CLANG_WARN_INT_CONVERSION = YES;
				CLANG_WARN__DUPLICATE_METHOD_MATCH = YES;
				COPY_PHASE_STRIP = NO;
				GCC_C_LANGUAGE_STANDARD = gnu99;
				GCC_DYNAMIC_NO_PIC = NO;
				GCC_OPTIMIZATION_LEVEL = 0;
				GCC_PREPROCESSOR_DEFINITIONS = (
					"DEBUG=1",
					"$(inherited)",
				);
				GCC_SYMBOLS_PRIVATE_EXTERN = NO;
				GCC_WARN_ABOUT_RETURN_TYPE = YES;
				GCC_WARN_UNINITIALIZED_AUTOS = YES;
				GCC_WARN_UNUSED_VARIABLE = YES;
				IPHONEOS_DEPLOYMENT_TARGET = 6.1;
				ONLY_ACTIVE_ARCH = YES;
				SDKROOT = iphoneos;
			};
			name = Debug;
		};
		E3553FB017725CF800762627 /* Release */ = {
			isa = XCBuildConfiguration;
			buildSettings = {
				ALWAYS_SEARCH_USER_PATHS = NO;
				CLANG_CXX_LANGUAGE_STANDARD = "gnu++0x";
				CLANG_CXX_LIBRARY = "libc++";
				CLANG_ENABLE_OBJC_ARC = YES;
				CLANG_WARN_CONSTANT_CONVERSION = YES;
				CLANG_WARN_EMPTY_BODY = YES;
				CLANG_WARN_ENUM_CONVERSION = YES;
				CLANG_WARN_INT_CONVERSION = YES;
				CLANG_WARN__DUPLICATE_METHOD_MATCH = YES;
				COPY_PHASE_STRIP = YES;
				GCC_C_LANGUAGE_STANDARD = gnu99;
				GCC_WARN_ABOUT_RETURN_TYPE = YES;
				GCC_WARN_UNINITIALIZED_AUTOS = YES;
				GCC_WARN_UNUSED_VARIABLE = YES;
				IPHONEOS_DEPLOYMENT_TARGET = 6.1;
				SDKROOT = iphoneos;
				VALIDATE_PRODUCT = YES;
			};
			name = Release;
		};
		E3553FB217725CF800762627 /* Debug */ = {
			isa = XCBuildConfiguration;
			baseConfigurationReference = D8C1EE9F76EC4AAF8A391A0A /* Pods.xcconfig */;
			buildSettings = {
				DSTROOT = /tmp/UAFToolkit.dst;
				GCC_PRECOMPILE_PREFIX_HEADER = YES;
				GCC_PREFIX_HEADER = "Resources/UAFToolkit-Prefix.pch";
				LIBRARY_SEARCH_PATHS = (
					"$(inherited)",
					"\"$(SDKROOT)/usr/lib/system\"",
				);
				OTHER_LDFLAGS = "-ObjC";
				PRODUCT_NAME = "$(TARGET_NAME)";
				SKIP_INSTALL = YES;
			};
			name = Debug;
		};
		E3553FB317725CF800762627 /* Release */ = {
			isa = XCBuildConfiguration;
			baseConfigurationReference = D8C1EE9F76EC4AAF8A391A0A /* Pods.xcconfig */;
			buildSettings = {
				DSTROOT = /tmp/UAFToolkit.dst;
				GCC_PRECOMPILE_PREFIX_HEADER = YES;
				GCC_PREFIX_HEADER = "Resources/UAFToolkit-Prefix.pch";
				LIBRARY_SEARCH_PATHS = (
					"$(inherited)",
					"\"$(SDKROOT)/usr/lib/system\"",
				);
				OTHER_LDFLAGS = "-ObjC";
				PRODUCT_NAME = "$(TARGET_NAME)";
				SKIP_INSTALL = YES;
			};
			name = Release;
		};
		E3553FB517725CF800762627 /* Debug */ = {
			isa = XCBuildConfiguration;
			buildSettings = {
				FRAMEWORK_SEARCH_PATHS = (
					"\"$(SDKROOT)/Developer/Library/Frameworks\"",
					"\"$(DEVELOPER_LIBRARY_DIR)/Frameworks\"",
				);
				GCC_PRECOMPILE_PREFIX_HEADER = YES;
				GCC_PREFIX_HEADER = "UAFToolkit/UAFToolkit-Prefix.pch";
				INFOPLIST_FILE = "UAFToolkitTests/UAFToolkitTests-Info.plist";
				PRODUCT_NAME = "$(TARGET_NAME)";
				WRAPPER_EXTENSION = octest;
			};
			name = Debug;
		};
		E3553FB617725CF800762627 /* Release */ = {
			isa = XCBuildConfiguration;
			buildSettings = {
				FRAMEWORK_SEARCH_PATHS = (
					"\"$(SDKROOT)/Developer/Library/Frameworks\"",
					"\"$(DEVELOPER_LIBRARY_DIR)/Frameworks\"",
				);
				GCC_PRECOMPILE_PREFIX_HEADER = YES;
				GCC_PREFIX_HEADER = "UAFToolkit/UAFToolkit-Prefix.pch";
				INFOPLIST_FILE = "UAFToolkitTests/UAFToolkitTests-Info.plist";
				PRODUCT_NAME = "$(TARGET_NAME)";
				WRAPPER_EXTENSION = octest;
			};
			name = Release;
		};
/* End XCBuildConfiguration section */

/* Begin XCConfigurationList section */
		E3553F8717725CF800762627 /* Build configuration list for PBXProject "UAFToolkit" */ = {
			isa = XCConfigurationList;
			buildConfigurations = (
				E3553FAF17725CF800762627 /* Debug */,
				E3553FB017725CF800762627 /* Release */,
			);
			defaultConfigurationIsVisible = 0;
			defaultConfigurationName = Release;
		};
		E3553FB117725CF800762627 /* Build configuration list for PBXNativeTarget "UAFToolkit" */ = {
			isa = XCConfigurationList;
			buildConfigurations = (
				E3553FB217725CF800762627 /* Debug */,
				E3553FB317725CF800762627 /* Release */,
			);
			defaultConfigurationIsVisible = 0;
			defaultConfigurationName = Release;
		};
		E3553FB417725CF800762627 /* Build configuration list for PBXNativeTarget "UAFToolkitTests" */ = {
			isa = XCConfigurationList;
			buildConfigurations = (
				E3553FB517725CF800762627 /* Debug */,
				E3553FB617725CF800762627 /* Release */,
			);
			defaultConfigurationIsVisible = 0;
			defaultConfigurationName = Release;
		};
/* End XCConfigurationList section */
	};
	rootObject = E3553F8417725CF800762627 /* Project object */;
}
